{
  "originHash" : "2b190700e0adaa60a2104ba8cbefaa44d19ba049eedc6d0ec6c4ade6f010d5eb",
  "pins" : [
    {
      "identity" : "twilio-video-ios",
      "kind" : "remoteSourceControl",
      "location" : "https://github.com/twilio/twilio-video-ios",
      "state" : {
        "revision" : "9cd840e09cfa6a051974e422f139efae5087a536",
        "version" : "5.11.3"
      }
    }
  ],
  "version" : 3
}
