{
  "originHash" : "4676c6169acf92e2035207d8956ae8668e161be10d6752d8cdf02361652817e0",
  "pins" : [
    {
      "identity" : "twilio-video-ios",
      "kind" : "remoteSourceControl",
      "location" : "https://github.com/twilio/twilio-video-ios",
      "state" : {
        "revision" : "f5e46b3ccd5eba1cb5cf59cc64233c9d0f12480b",
        "version" : "5.5.0"
      }
    }
  ],
  "version" : 3
}
