{
  "originHash" : "946ae3d371c9f7b5862fbcc9dee734ae323dbe0e65065f700aea474b9129c037",
  "pins" : [
    {
      "identity" : "onevalet.ios.sdk",
      "kind" : "remoteSourceControl",
      "location" : "https://github.com/1valet/OneValet.iOS.SDK",
      "state" : {
        "revision" : "ae525b768011116d5de5a53b0cc09c0107d08785",
        "version" : "0.0.4"
      }
    },
    {
      "identity" : "twilio-video-ios",
      "kind" : "remoteSourceControl",
      "location" : "https://github.com/twilio/twilio-video-ios",
      "state" : {
        "revision" : "f5e46b3ccd5eba1cb5cf59cc64233c9d0f12480b",
        "version" : "5.5.0"
      }
    }
  ],
  "version" : 3
}
